// !$*UTF8*$!
{
	archiveVersion = 1;
	classes = {
	};
	objectVersion = 50;
	objects = {

/* Begin PBXBuildFile section */
		0FDD1698765C40CB6369C882 /* libPods-ToDoAppTests.a in Frameworks */ = {isa = PBXBuildFile; fileRef = CA71E91C944B5DDDD7E5D1CC /* libPods-ToDoAppTests.a */; };
		9FA76698F163FCC2D3E6AAFD /* libPods-ToDoApp-ToDoAppUITests.a in Frameworks */ = {isa = PBXBuildFile; fileRef = A86F3669F4F69AD1FF64D96D /* libPods-ToDoApp-ToDoAppUITests.a */; };
		CE5611C723F2CDB000982088 /* Todo.swift in Sources */ = {isa = PBXBuildFile; fileRef = CE5611C623F2CDB000982088 /* Todo.swift */; };
		CE5DF42623F2A0DD001BEBE6 /* TaskTableViewController.swift in Sources */ = {isa = PBXBuildFile; fileRef = CE5DF42523F2A0DD001BEBE6 /* TaskTableViewController.swift */; };
		CE970BF923F03E7300F7FB1E /* AppDelegate.swift in Sources */ = {isa = PBXBuildFile; fileRef = CE970BF823F03E7300F7FB1E /* AppDelegate.swift */; };
		CE970BFB23F03E7300F7FB1E /* SceneDelegate.swift in Sources */ = {isa = PBXBuildFile; fileRef = CE970BFA23F03E7300F7FB1E /* SceneDelegate.swift */; };
		CE970C0023F03E7300F7FB1E /* Main.storyboard in Resources */ = {isa = PBXBuildFile; fileRef = CE970BFE23F03E7300F7FB1E /* Main.storyboard */; };
		CE970C0223F03E7500F7FB1E /* Assets.xcassets in Resources */ = {isa = PBXBuildFile; fileRef = CE970C0123F03E7500F7FB1E /* Assets.xcassets */; };
		CE970C0523F03E7500F7FB1E /* LaunchScreen.storyboard in Resources */ = {isa = PBXBuildFile; fileRef = CE970C0323F03E7500F7FB1E /* LaunchScreen.storyboard */; };
		CE970C1023F03E7500F7FB1E /* ToDoAppTests.swift in Sources */ = {isa = PBXBuildFile; fileRef = CE970C0F23F03E7500F7FB1E /* ToDoAppTests.swift */; };
		CE970C1B23F03E7500F7FB1E /* ToDoAppUITests.swift in Sources */ = {isa = PBXBuildFile; fileRef = CE970C1A23F03E7500F7FB1E /* ToDoAppUITests.swift */; };
		DB2FFA21F8035ED97B4B915C /* libPods-ToDoApp.a in Frameworks */ = {isa = PBXBuildFile; fileRef = E3671C1F9CCEDA7C43F07E36 /* libPods-ToDoApp.a */; };
/* End PBXBuildFile section */

/* Begin PBXContainerItemProxy section */
		CE970C0C23F03E7500F7FB1E /* PBXContainerItemProxy */ = {
			isa = PBXContainerItemProxy;
			containerPortal = CE970BED23F03E7200F7FB1E /* Project object */;
			proxyType = 1;
			remoteGlobalIDString = CE970BF423F03E7300F7FB1E;
			remoteInfo = ToDoApp;
		};
		CE970C1723F03E7500F7FB1E /* PBXContainerItemProxy */ = {
			isa = PBXContainerItemProxy;
			containerPortal = CE970BED23F03E7200F7FB1E /* Project object */;
			proxyType = 1;
			remoteGlobalIDString = CE970BF423F03E7300F7FB1E;
			remoteInfo = ToDoApp;
		};
/* End PBXContainerItemProxy section */

/* Begin PBXFileReference section */
		4F338098178B54CD913BBCF0 /* Pods-ToDoAppTests.release.xcconfig */ = {isa = PBXFileReference; includeInIndex = 1; lastKnownFileType = text.xcconfig; name = "Pods-ToDoAppTests.release.xcconfig"; path = "Target Support Files/Pods-ToDoAppTests/Pods-ToDoAppTests.release.xcconfig"; sourceTree = "<group>"; };
		5C69ACC86E2C2B2BDC0C537D /* Pods-ToDoApp.release.xcconfig */ = {isa = PBXFileReference; includeInIndex = 1; lastKnownFileType = text.xcconfig; name = "Pods-ToDoApp.release.xcconfig"; path = "Target Support Files/Pods-ToDoApp/Pods-ToDoApp.release.xcconfig"; sourceTree = "<group>"; };
		A86F3669F4F69AD1FF64D96D /* libPods-ToDoApp-ToDoAppUITests.a */ = {isa = PBXFileReference; explicitFileType = archive.ar; includeInIndex = 0; path = "libPods-ToDoApp-ToDoAppUITests.a"; sourceTree = BUILT_PRODUCTS_DIR; };
		CA71E91C944B5DDDD7E5D1CC /* libPods-ToDoAppTests.a */ = {isa = PBXFileReference; explicitFileType = archive.ar; includeInIndex = 0; path = "libPods-ToDoAppTests.a"; sourceTree = BUILT_PRODUCTS_DIR; };
		CE5611C623F2CDB000982088 /* Todo.swift */ = {isa = PBXFileReference; lastKnownFileType = sourcecode.swift; path = Todo.swift; sourceTree = "<group>"; };
		CE5DF42523F2A0DD001BEBE6 /* TaskTableViewController.swift */ = {isa = PBXFileReference; lastKnownFileType = sourcecode.swift; path = TaskTableViewController.swift; sourceTree = "<group>"; };
		CE970BF523F03E7300F7FB1E /* ToDoApp.app */ = {isa = PBXFileReference; explicitFileType = wrapper.application; includeInIndex = 0; path = ToDoApp.app; sourceTree = BUILT_PRODUCTS_DIR; };
		CE970BF823F03E7300F7FB1E /* AppDelegate.swift */ = {isa = PBXFileReference; lastKnownFileType = sourcecode.swift; path = AppDelegate.swift; sourceTree = "<group>"; };
		CE970BFA23F03E7300F7FB1E /* SceneDelegate.swift */ = {isa = PBXFileReference; lastKnownFileType = sourcecode.swift; path = SceneDelegate.swift; sourceTree = "<group>"; };
		CE970BFF23F03E7300F7FB1E /* Base */ = {isa = PBXFileReference; lastKnownFileType = file.storyboard; name = Base; path = Base.lproj/Main.storyboard; sourceTree = "<group>"; };
		CE970C0123F03E7500F7FB1E /* Assets.xcassets */ = {isa = PBXFileReference; lastKnownFileType = folder.assetcatalog; path = Assets.xcassets; sourceTree = "<group>"; };
		CE970C0423F03E7500F7FB1E /* Base */ = {isa = PBXFileReference; lastKnownFileType = file.storyboard; name = Base; path = Base.lproj/LaunchScreen.storyboard; sourceTree = "<group>"; };
		CE970C0623F03E7500F7FB1E /* Info.plist */ = {isa = PBXFileReference; lastKnownFileType = text.plist.xml; path = Info.plist; sourceTree = "<group>"; };
		CE970C0B23F03E7500F7FB1E /* ToDoAppTests.xctest */ = {isa = PBXFileReference; explicitFileType = wrapper.cfbundle; includeInIndex = 0; path = ToDoAppTests.xctest; sourceTree = BUILT_PRODUCTS_DIR; };
		CE970C0F23F03E7500F7FB1E /* ToDoAppTests.swift */ = {isa = PBXFileReference; lastKnownFileType = sourcecode.swift; path = ToDoAppTests.swift; sourceTree = "<group>"; };
		CE970C1123F03E7500F7FB1E /* Info.plist */ = {isa = PBXFileReference; lastKnownFileType = text.plist.xml; path = Info.plist; sourceTree = "<group>"; };
		CE970C1623F03E7500F7FB1E /* ToDoAppUITests.xctest */ = {isa = PBXFileReference; explicitFileType = wrapper.cfbundle; includeInIndex = 0; path = ToDoAppUITests.xctest; sourceTree = BUILT_PRODUCTS_DIR; };
		CE970C1A23F03E7500F7FB1E /* ToDoAppUITests.swift */ = {isa = PBXFileReference; lastKnownFileType = sourcecode.swift; path = ToDoAppUITests.swift; sourceTree = "<group>"; };
		CE970C1C23F03E7500F7FB1E /* Info.plist */ = {isa = PBXFileReference; lastKnownFileType = text.plist.xml; path = Info.plist; sourceTree = "<group>"; };
		E1354CDBD86E0676EFB65ADD /* Pods-ToDoApp-ToDoAppUITests.release.xcconfig */ = {isa = PBXFileReference; includeInIndex = 1; lastKnownFileType = text.xcconfig; name = "Pods-ToDoApp-ToDoAppUITests.release.xcconfig"; path = "Target Support Files/Pods-ToDoApp-ToDoAppUITests/Pods-ToDoApp-ToDoAppUITests.release.xcconfig"; sourceTree = "<group>"; };
		E3671C1F9CCEDA7C43F07E36 /* libPods-ToDoApp.a */ = {isa = PBXFileReference; explicitFileType = archive.ar; includeInIndex = 0; path = "libPods-ToDoApp.a"; sourceTree = BUILT_PRODUCTS_DIR; };
		F9B994082B946A255A40D533 /* Pods-ToDoApp-ToDoAppUITests.debug.xcconfig */ = {isa = PBXFileReference; includeInIndex = 1; lastKnownFileType = text.xcconfig; name = "Pods-ToDoApp-ToDoAppUITests.debug.xcconfig"; path = "Target Support Files/Pods-ToDoApp-ToDoAppUITests/Pods-ToDoApp-ToDoAppUITests.debug.xcconfig"; sourceTree = "<group>"; };
		FA434F715A17007AAB0581BC /* Pods-ToDoAppTests.debug.xcconfig */ = {isa = PBXFileReference; includeInIndex = 1; lastKnownFileType = text.xcconfig; name = "Pods-ToDoAppTests.debug.xcconfig"; path = "Target Support Files/Pods-ToDoAppTests/Pods-ToDoAppTests.debug.xcconfig"; sourceTree = "<group>"; };
		FA6A51023D766ACB521EE1FC /* Pods-ToDoApp.debug.xcconfig */ = {isa = PBXFileReference; includeInIndex = 1; lastKnownFileType = text.xcconfig; name = "Pods-ToDoApp.debug.xcconfig"; path = "Target Support Files/Pods-ToDoApp/Pods-ToDoApp.debug.xcconfig"; sourceTree = "<group>"; };
/* End PBXFileReference section */

/* Begin PBXFrameworksBuildPhase section */
		CE970BF223F03E7300F7FB1E /* Frameworks */ = {
			isa = PBXFrameworksBuildPhase;
			buildActionMask = 2147483647;
			files = (
				DB2FFA21F8035ED97B4B915C /* libPods-ToDoApp.a in Frameworks */,
			);
			runOnlyForDeploymentPostprocessing = 0;
		};
		CE970C0823F03E7500F7FB1E /* Frameworks */ = {
			isa = PBXFrameworksBuildPhase;
			buildActionMask = 2147483647;
			files = (
				0FDD1698765C40CB6369C882 /* libPods-ToDoAppTests.a in Frameworks */,
			);
			runOnlyForDeploymentPostprocessing = 0;
		};
		CE970C1323F03E7500F7FB1E /* Frameworks */ = {
			isa = PBXFrameworksBuildPhase;
			buildActionMask = 2147483647;
			files = (
				9FA76698F163FCC2D3E6AAFD /* libPods-ToDoApp-ToDoAppUITests.a in Frameworks */,
			);
			runOnlyForDeploymentPostprocessing = 0;
		};
/* End PBXFrameworksBuildPhase section */

/* Begin PBXGroup section */
		60C2527541A50912033648E4 /* Frameworks */ = {
			isa = PBXGroup;
			children = (
				E3671C1F9CCEDA7C43F07E36 /* libPods-ToDoApp.a */,
				A86F3669F4F69AD1FF64D96D /* libPods-ToDoApp-ToDoAppUITests.a */,
				CA71E91C944B5DDDD7E5D1CC /* libPods-ToDoAppTests.a */,
			);
			name = Frameworks;
			sourceTree = "<group>";
		};
		8A8CC86E4410B75A72A6E1B1 /* Pods */ = {
			isa = PBXGroup;
			children = (
				FA6A51023D766ACB521EE1FC /* Pods-ToDoApp.debug.xcconfig */,
				5C69ACC86E2C2B2BDC0C537D /* Pods-ToDoApp.release.xcconfig */,
				F9B994082B946A255A40D533 /* Pods-ToDoApp-ToDoAppUITests.debug.xcconfig */,
				E1354CDBD86E0676EFB65ADD /* Pods-ToDoApp-ToDoAppUITests.release.xcconfig */,
				FA434F715A17007AAB0581BC /* Pods-ToDoAppTests.debug.xcconfig */,
				4F338098178B54CD913BBCF0 /* Pods-ToDoAppTests.release.xcconfig */,
			);
			path = Pods;
			sourceTree = "<group>";
		};
		CE970BEC23F03E7200F7FB1E = {
			isa = PBXGroup;
			children = (
				CE970BF723F03E7300F7FB1E /* ToDoApp */,
				CE970C0E23F03E7500F7FB1E /* ToDoAppTests */,
				CE970C1923F03E7500F7FB1E /* ToDoAppUITests */,
				CE970BF623F03E7300F7FB1E /* Products */,
				8A8CC86E4410B75A72A6E1B1 /* Pods */,
				60C2527541A50912033648E4 /* Frameworks */,
			);
			sourceTree = "<group>";
		};
		CE970BF623F03E7300F7FB1E /* Products */ = {
			isa = PBXGroup;
			children = (
				CE970BF523F03E7300F7FB1E /* ToDoApp.app */,
				CE970C0B23F03E7500F7FB1E /* ToDoAppTests.xctest */,
				CE970C1623F03E7500F7FB1E /* ToDoAppUITests.xctest */,
			);
			name = Products;
			sourceTree = "<group>";
		};
		CE970BF723F03E7300F7FB1E /* ToDoApp */ = {
			isa = PBXGroup;
			children = (
				CE970BF823F03E7300F7FB1E /* AppDelegate.swift */,
				CE970BFA23F03E7300F7FB1E /* SceneDelegate.swift */,
				CE5DF42523F2A0DD001BEBE6 /* TaskTableViewController.swift */,
				CE970BFE23F03E7300F7FB1E /* Main.storyboard */,
				CE970C0123F03E7500F7FB1E /* Assets.xcassets */,
				CE970C0323F03E7500F7FB1E /* LaunchScreen.storyboard */,
				CE970C0623F03E7500F7FB1E /* Info.plist */,
				CE5611C623F2CDB000982088 /* Todo.swift */,
			);
			path = ToDoApp;
			sourceTree = "<group>";
		};
		CE970C0E23F03E7500F7FB1E /* ToDoAppTests */ = {
			isa = PBXGroup;
			children = (
				CE970C0F23F03E7500F7FB1E /* ToDoAppTests.swift */,
				CE970C1123F03E7500F7FB1E /* Info.plist */,
			);
			path = ToDoAppTests;
			sourceTree = "<group>";
		};
		CE970C1923F03E7500F7FB1E /* ToDoAppUITests */ = {
			isa = PBXGroup;
			children = (
				CE970C1A23F03E7500F7FB1E /* ToDoAppUITests.swift */,
				CE970C1C23F03E7500F7FB1E /* Info.plist */,
			);
			path = ToDoAppUITests;
			sourceTree = "<group>";
		};
/* End PBXGroup section */

/* Begin PBXNativeTarget section */
		CE970BF423F03E7300F7FB1E /* ToDoApp */ = {
			isa = PBXNativeTarget;
			buildConfigurationList = CE970C1F23F03E7500F7FB1E /* Build configuration list for PBXNativeTarget "ToDoApp" */;
			buildPhases = (
				6D6A12F3AECC2D8C7DB86167 /* [CP] Check Pods Manifest.lock */,
				CE970BF123F03E7300F7FB1E /* Sources */,
				CE970BF223F03E7300F7FB1E /* Frameworks */,
				CE970BF323F03E7300F7FB1E /* Resources */,
			);
			buildRules = (
			);
			dependencies = (
			);
			name = ToDoApp;
			productName = ToDoApp;
			productReference = CE970BF523F03E7300F7FB1E /* ToDoApp.app */;
			productType = "com.apple.product-type.application";
		};
		CE970C0A23F03E7500F7FB1E /* ToDoAppTests */ = {
			isa = PBXNativeTarget;
			buildConfigurationList = CE970C2223F03E7500F7FB1E /* Build configuration list for PBXNativeTarget "ToDoAppTests" */;
			buildPhases = (
				D37BBA204AA7F8370AC9CA89 /* [CP] Check Pods Manifest.lock */,
				CE970C0723F03E7500F7FB1E /* Sources */,
				CE970C0823F03E7500F7FB1E /* Frameworks */,
				CE970C0923F03E7500F7FB1E /* Resources */,
			);
			buildRules = (
			);
			dependencies = (
				CE970C0D23F03E7500F7FB1E /* PBXTargetDependency */,
			);
			name = ToDoAppTests;
			productName = ToDoAppTests;
			productReference = CE970C0B23F03E7500F7FB1E /* ToDoAppTests.xctest */;
			productType = "com.apple.product-type.bundle.unit-test";
		};
		CE970C1523F03E7500F7FB1E /* ToDoAppUITests */ = {
			isa = PBXNativeTarget;
			buildConfigurationList = CE970C2523F03E7500F7FB1E /* Build configuration list for PBXNativeTarget "ToDoAppUITests" */;
			buildPhases = (
				20FADCAD416C0472EAAB4538 /* [CP] Check Pods Manifest.lock */,
				CE970C1223F03E7500F7FB1E /* Sources */,
				CE970C1323F03E7500F7FB1E /* Frameworks */,
				CE970C1423F03E7500F7FB1E /* Resources */,
			);
			buildRules = (
			);
			dependencies = (
				CE970C1823F03E7500F7FB1E /* PBXTargetDependency */,
			);
			name = ToDoAppUITests;
			productName = ToDoAppUITests;
			productReference = CE970C1623F03E7500F7FB1E /* ToDoAppUITests.xctest */;
			productType = "com.apple.product-type.bundle.ui-testing";
		};
/* End PBXNativeTarget section */

/* Begin PBXProject section */
		CE970BED23F03E7200F7FB1E /* Project object */ = {
			isa = PBXProject;
			attributes = {
				LastSwiftUpdateCheck = 1120;
				LastUpgradeCheck = 1120;
				ORGANIZATIONNAME = user;
				TargetAttributes = {
					CE970BF423F03E7300F7FB1E = {
						CreatedOnToolsVersion = 11.2;
					};
					CE970C0A23F03E7500F7FB1E = {
						CreatedOnToolsVersion = 11.2;
						TestTargetID = CE970BF423F03E7300F7FB1E;
					};
					CE970C1523F03E7500F7FB1E = {
						CreatedOnToolsVersion = 11.2;
						TestTargetID = CE970BF423F03E7300F7FB1E;
					};
				};
			};
			buildConfigurationList = CE970BF023F03E7200F7FB1E /* Build configuration list for PBXProject "ToDoApp" */;
			compatibilityVersion = "Xcode 9.3";
			developmentRegion = en;
			hasScannedForEncodings = 0;
			knownRegions = (
				en,
				Base,
			);
			mainGroup = CE970BEC23F03E7200F7FB1E;
			productRefGroup = CE970BF623F03E7300F7FB1E /* Products */;
			projectDirPath = "";
			projectRoot = "";
			targets = (
				CE970BF423F03E7300F7FB1E /* ToDoApp */,
				CE970C0A23F03E7500F7FB1E /* ToDoAppTests */,
				CE970C1523F03E7500F7FB1E /* ToDoAppUITests */,
			);
		};
/* End PBXProject section */

/* Begin PBXResourcesBuildPhase section */
		CE970BF323F03E7300F7FB1E /* Resources */ = {
			isa = PBXResourcesBuildPhase;
			buildActionMask = 2147483647;
			files = (
				CE970C0523F03E7500F7FB1E /* LaunchScreen.storyboard in Resources */,
				CE970C0223F03E7500F7FB1E /* Assets.xcassets in Resources */,
				CE970C0023F03E7300F7FB1E /* Main.storyboard in Resources */,
			);
			runOnlyForDeploymentPostprocessing = 0;
		};
		CE970C0923F03E7500F7FB1E /* Resources */ = {
			isa = PBXResourcesBuildPhase;
			buildActionMask = 2147483647;
			files = (
			);
			runOnlyForDeploymentPostprocessing = 0;
		};
		CE970C1423F03E7500F7FB1E /* Resources */ = {
			isa = PBXResourcesBuildPhase;
			buildActionMask = 2147483647;
			files = (
			);
			runOnlyForDeploymentPostprocessing = 0;
		};
/* End PBXResourcesBuildPhase section */

/* Begin PBXShellScriptBuildPhase section */
		20FADCAD416C0472EAAB4538 /* [CP] Check Pods Manifest.lock */ = {
			isa = PBXShellScriptBuildPhase;
			buildActionMask = 2147483647;
			files = (
			);
			inputFileListPaths = (
			);
			inputPaths = (
				"${PODS_PODFILE_DIR_PATH}/Podfile.lock",
				"${PODS_ROOT}/Manifest.lock",
			);
			name = "[CP] Check Pods Manifest.lock";
			outputFileListPaths = (
			);
			outputPaths = (
				"$(DERIVED_FILE_DIR)/Pods-ToDoApp-ToDoAppUITests-checkManifestLockResult.txt",
			);
			runOnlyForDeploymentPostprocessing = 0;
			shellPath = /bin/sh;
			shellScript = "diff \"${PODS_PODFILE_DIR_PATH}/Podfile.lock\" \"${PODS_ROOT}/Manifest.lock\" > /dev/null\nif [ $? != 0 ] ; then\n    # print error to STDERR\n    echo \"error: The sandbox is not in sync with the Podfile.lock. Run 'pod install' or update your CocoaPods installation.\" >&2\n    exit 1\nfi\n# This output is used by Xcode 'outputs' to avoid re-running this script phase.\necho \"SUCCESS\" > \"${SCRIPT_OUTPUT_FILE_0}\"\n";
			showEnvVarsInLog = 0;
		};
		6D6A12F3AECC2D8C7DB86167 /* [CP] Check Pods Manifest.lock */ = {
			isa = PBXShellScriptBuildPhase;
			buildActionMask = 2147483647;
			files = (
			);
			inputFileListPaths = (
			);
			inputPaths = (
				"${PODS_PODFILE_DIR_PATH}/Podfile.lock",
				"${PODS_ROOT}/Manifest.lock",
			);
			name = "[CP] Check Pods Manifest.lock";
			outputFileListPaths = (
			);
			outputPaths = (
				"$(DERIVED_FILE_DIR)/Pods-ToDoApp-checkManifestLockResult.txt",
			);
			runOnlyForDeploymentPostprocessing = 0;
			shellPath = /bin/sh;
			shellScript = "diff \"${PODS_PODFILE_DIR_PATH}/Podfile.lock\" \"${PODS_ROOT}/Manifest.lock\" > /dev/null\nif [ $? != 0 ] ; then\n    # print error to STDERR\n    echo \"error: The sandbox is not in sync with the Podfile.lock. Run 'pod install' or update your CocoaPods installation.\" >&2\n    exit 1\nfi\n# This output is used by Xcode 'outputs' to avoid re-running this script phase.\necho \"SUCCESS\" > \"${SCRIPT_OUTPUT_FILE_0}\"\n";
			showEnvVarsInLog = 0;
		};
		D37BBA204AA7F8370AC9CA89 /* [CP] Check Pods Manifest.lock */ = {
			isa = PBXShellScriptBuildPhase;
			buildActionMask = 2147483647;
			files = (
			);
			inputFileListPaths = (
			);
			inputPaths = (
				"${PODS_PODFILE_DIR_PATH}/Podfile.lock",
				"${PODS_ROOT}/Manifest.lock",
			);
			name = "[CP] Check Pods Manifest.lock";
			outputFileListPaths = (
			);
			outputPaths = (
				"$(DERIVED_FILE_DIR)/Pods-ToDoAppTests-checkManifestLockResult.txt",
			);
			runOnlyForDeploymentPostprocessing = 0;
			shellPath = /bin/sh;
			shellScript = "diff \"${PODS_PODFILE_DIR_PATH}/Podfile.lock\" \"${PODS_ROOT}/Manifest.lock\" > /dev/null\nif [ $? != 0 ] ; then\n    # print error to STDERR\n    echo \"error: The sandbox is not in sync with the Podfile.lock. Run 'pod install' or update your CocoaPods installation.\" >&2\n    exit 1\nfi\n# This output is used by Xcode 'outputs' to avoid re-running this script phase.\necho \"SUCCESS\" > \"${SCRIPT_OUTPUT_FILE_0}\"\n";
			showEnvVarsInLog = 0;
		};
/* End PBXShellScriptBuildPhase section */

/* Begin PBXSourcesBuildPhase section */
		CE970BF123F03E7300F7FB1E /* Sources */ = {
			isa = PBXSourcesBuildPhase;
			buildActionMask = 2147483647;
			files = (
				CE970BF923F03E7300F7FB1E /* AppDelegate.swift in Sources */,
				CE5DF42623F2A0DD001BEBE6 /* TaskTableViewController.swift in Sources */,
				CE970BFB23F03E7300F7FB1E /* SceneDelegate.swift in Sources */,
				CE5611C723F2CDB000982088 /* Todo.swift in Sources */,
			);
			runOnlyForDeploymentPostprocessing = 0;
		};
		CE970C0723F03E7500F7FB1E /* Sources */ = {
			isa = PBXSourcesBuildPhase;
			buildActionMask = 2147483647;
			files = (
				CE970C1023F03E7500F7FB1E /* ToDoAppTests.swift in Sources */,
			);
			runOnlyForDeploymentPostprocessing = 0;
		};
		CE970C1223F03E7500F7FB1E /* Sources */ = {
			isa = PBXSourcesBuildPhase;
			buildActionMask = 2147483647;
			files = (
				CE970C1B23F03E7500F7FB1E /* ToDoAppUITests.swift in Sources */,
			);
			runOnlyForDeploymentPostprocessing = 0;
		};
/* End PBXSourcesBuildPhase section */

/* Begin PBXTargetDependency section */
		CE970C0D23F03E7500F7FB1E /* PBXTargetDependency */ = {
			isa = PBXTargetDependency;
			target = CE970BF423F03E7300F7FB1E /* ToDoApp */;
			targetProxy = CE970C0C23F03E7500F7FB1E /* PBXContainerItemProxy */;
		};
		CE970C1823F03E7500F7FB1E /* PBXTargetDependency */ = {
			isa = PBXTargetDependency;
			target = CE970BF423F03E7300F7FB1E /* ToDoApp */;
			targetProxy = CE970C1723F03E7500F7FB1E /* PBXContainerItemProxy */;
		};
/* End PBXTargetDependency section */

/* Begin PBXVariantGroup section */
		CE970BFE23F03E7300F7FB1E /* Main.storyboard */ = {
			isa = PBXVariantGroup;
			children = (
				CE970BFF23F03E7300F7FB1E /* Base */,
			);
			name = Main.storyboard;
			sourceTree = "<group>";
		};
		CE970C0323F03E7500F7FB1E /* LaunchScreen.storyboard */ = {
			isa = PBXVariantGroup;
			children = (
				CE970C0423F03E7500F7FB1E /* Base */,
			);
			name = LaunchScreen.storyboard;
			sourceTree = "<group>";
		};
/* End PBXVariantGroup section */

/* Begin XCBuildConfiguration section */
		CE970C1D23F03E7500F7FB1E /* Debug */ = {
			isa = XCBuildConfiguration;
			buildSettings = {
				ALWAYS_SEARCH_USER_PATHS = NO;
				CLANG_ANALYZER_NONNULL = YES;
				CLANG_ANALYZER_NUMBER_OBJECT_CONVERSION = YES_AGGRESSIVE;
				CLANG_CXX_LANGUAGE_STANDARD = "gnu++14";
				CLANG_CXX_LIBRARY = "libc++";
				CLANG_ENABLE_MODULES = YES;
				CLANG_ENABLE_OBJC_ARC = YES;
				CLANG_ENABLE_OBJC_WEAK = YES;
				CLANG_WARN_BLOCK_CAPTURE_AUTORELEASING = YES;
				CLANG_WARN_BOOL_CONVERSION = YES;
				CLANG_WARN_COMMA = YES;
				CLANG_WARN_CONSTANT_CONVERSION = YES;
				CLANG_WARN_DEPRECATED_OBJC_IMPLEMENTATIONS = YES;
				CLANG_WARN_DIRECT_OBJC_ISA_USAGE = YES_ERROR;
				CLANG_WARN_DOCUMENTATION_COMMENTS = YES;
				CLANG_WARN_EMPTY_BODY = YES;
				CLANG_WARN_ENUM_CONVERSION = YES;
				CLANG_WARN_INFINITE_RECURSION = YES;
				CLANG_WARN_INT_CONVERSION = YES;
				CLANG_WARN_NON_LITERAL_NULL_CONVERSION = YES;
				CLANG_WARN_OBJC_IMPLICIT_RETAIN_SELF = YES;
				CLANG_WARN_OBJC_LITERAL_CONVERSION = YES;
				CLANG_WARN_OBJC_ROOT_CLASS = YES_ERROR;
				CLANG_WARN_RANGE_LOOP_ANALYSIS = YES;
				CLANG_WARN_STRICT_PROTOTYPES = YES;
				CLANG_WARN_SUSPICIOUS_MOVE = YES;
				CLANG_WARN_UNGUARDED_AVAILABILITY = YES_AGGRESSIVE;
				CLANG_WARN_UNREACHABLE_CODE = YES;
				CLANG_WARN__DUPLICATE_METHOD_MATCH = YES;
				COPY_PHASE_STRIP = NO;
				DEBUG_INFORMATION_FORMAT = dwarf;
				ENABLE_STRICT_OBJC_MSGSEND = YES;
				ENABLE_TESTABILITY = YES;
				GCC_C_LANGUAGE_STANDARD = gnu11;
				GCC_DYNAMIC_NO_PIC = NO;
				GCC_NO_COMMON_BLOCKS = YES;
				GCC_OPTIMIZATION_LEVEL = 0;
				GCC_PREPROCESSOR_DEFINITIONS = (
					"DEBUG=1",
					"$(inherited)",
				);
				GCC_WARN_64_TO_32_BIT_CONVERSION = YES;
				GCC_WARN_ABOUT_RETURN_TYPE = YES_ERROR;
				GCC_WARN_UNDECLARED_SELECTOR = YES;
				GCC_WARN_UNINITIALIZED_AUTOS = YES_AGGRESSIVE;
				GCC_WARN_UNUSED_FUNCTION = YES;
				GCC_WARN_UNUSED_VARIABLE = YES;
				IPHONEOS_DEPLOYMENT_TARGET = 13.2;
				MTL_ENABLE_DEBUG_INFO = INCLUDE_SOURCE;
				MTL_FAST_MATH = YES;
				ONLY_ACTIVE_ARCH = YES;
				SDKROOT = iphoneos;
				SWIFT_ACTIVE_COMPILATION_CONDITIONS = DEBUG;
				SWIFT_OPTIMIZATION_LEVEL = "-Onone";
			};
			name = Debug;
		};
		CE970C1E23F03E7500F7FB1E /* Release */ = {
			isa = XCBuildConfiguration;
			buildSettings = {
				ALWAYS_SEARCH_USER_PATHS = NO;
				CLANG_ANALYZER_NONNULL = YES;
				CLANG_ANALYZER_NUMBER_OBJECT_CONVERSION = YES_AGGRESSIVE;
				CLANG_CXX_LANGUAGE_STANDARD = "gnu++14";
				CLANG_CXX_LIBRARY = "libc++";
				CLANG_ENABLE_MODULES = YES;
				CLANG_ENABLE_OBJC_ARC = YES;
				CLANG_ENABLE_OBJC_WEAK = YES;
				CLANG_WARN_BLOCK_CAPTURE_AUTORELEASING = YES;
				CLANG_WARN_BOOL_CONVERSION = YES;
				CLANG_WARN_COMMA = YES;
				CLANG_WARN_CONSTANT_CONVERSION = YES;
				CLANG_WARN_DEPRECATED_OBJC_IMPLEMENTATIONS = YES;
				CLANG_WARN_DIRECT_OBJC_ISA_USAGE = YES_ERROR;
				CLANG_WARN_DOCUMENTATION_COMMENTS = YES;
				CLANG_WARN_EMPTY_BODY = YES;
				CLANG_WARN_ENUM_CONVERSION = YES;
				CLANG_WARN_INFINITE_RECURSION = YES;
				CLANG_WARN_INT_CONVERSION = YES;
				CLANG_WARN_NON_LITERAL_NULL_CONVERSION = YES;
				CLANG_WARN_OBJC_IMPLICIT_RETAIN_SELF = YES;
				CLANG_WARN_OBJC_LITERAL_CONVERSION = YES;
				CLANG_WARN_OBJC_ROOT_CLASS = YES_ERROR;
				CLANG_WARN_RANGE_LOOP_ANALYSIS = YES;
				CLANG_WARN_STRICT_PROTOTYPES = YES;
				CLANG_WARN_SUSPICIOUS_MOVE = YES;
				CLANG_WARN_UNGUARDED_AVAILABILITY = YES_AGGRESSIVE;
				CLANG_WARN_UNREACHABLE_CODE = YES;
				CLANG_WARN__DUPLICATE_METHOD_MATCH = YES;
				COPY_PHASE_STRIP = NO;
				DEBUG_INFORMATION_FORMAT = "dwarf-with-dsym";
				ENABLE_NS_ASSERTIONS = NO;
				ENABLE_STRICT_OBJC_MSGSEND = YES;
				GCC_C_LANGUAGE_STANDARD = gnu11;
				GCC_NO_COMMON_BLOCKS = YES;
				GCC_WARN_64_TO_32_BIT_CONVERSION = YES;
				GCC_WARN_ABOUT_RETURN_TYPE = YES_ERROR;
				GCC_WARN_UNDECLARED_SELECTOR = YES;
				GCC_WARN_UNINITIALIZED_AUTOS = YES_AGGRESSIVE;
				GCC_WARN_UNUSED_FUNCTION = YES;
				GCC_WARN_UNUSED_VARIABLE = YES;
				IPHONEOS_DEPLOYMENT_TARGET = 13.2;
				MTL_ENABLE_DEBUG_INFO = NO;
				MTL_FAST_MATH = YES;
				SDKROOT = iphoneos;
				SWIFT_COMPILATION_MODE = wholemodule;
				SWIFT_OPTIMIZATION_LEVEL = "-O";
				VALIDATE_PRODUCT = YES;
			};
			name = Release;
		};
		CE970C2023F03E7500F7FB1E /* Debug */ = {
			isa = XCBuildConfiguration;
			baseConfigurationReference = FA6A51023D766ACB521EE1FC /* Pods-ToDoApp.debug.xcconfig */;
			buildSettings = {
				ASSETCATALOG_COMPILER_APPICON_NAME = AppIcon;
				CODE_SIGN_STYLE = Automatic;
				DEVELOPMENT_TEAM = 2KB84KZYV6;
				INFOPLIST_FILE = ToDoApp/Info.plist;
				LD_RUNPATH_SEARCH_PATHS = (
					"$(inherited)",
					"@executable_path/Frameworks",
				);
				PRODUCT_BUNDLE_IDENTIFIER = "user-team.ToDoApp";
				PRODUCT_NAME = "$(TARGET_NAME)";
				SWIFT_VERSION = 5.0;
				TARGETED_DEVICE_FAMILY = "1,2";
			};
			name = Debug;
		};
		CE970C2123F03E7500F7FB1E /* Release */ = {
			isa = XCBuildConfiguration;
			baseConfigurationReference = 5C69ACC86E2C2B2BDC0C537D /* Pods-ToDoApp.release.xcconfig */;
			buildSettings = {
				ASSETCATALOG_COMPILER_APPICON_NAME = AppIcon;
				CODE_SIGN_STYLE = Automatic;
				DEVELOPMENT_TEAM = 2KB84KZYV6;
				INFOPLIST_FILE = ToDoApp/Info.plist;
				LD_RUNPATH_SEARCH_PATHS = (
					"$(inherited)",
					"@executable_path/Frameworks",
				);
				PRODUCT_BUNDLE_IDENTIFIER = "user-team.ToDoApp";
				PRODUCT_NAME = "$(TARGET_NAME)";
				SWIFT_VERSION = 5.0;
				TARGETED_DEVICE_FAMILY = "1,2";
			};
			name = Release;
		};
		CE970C2323F03E7500F7FB1E /* Debug */ = {
			isa = XCBuildConfiguration;
			baseConfigurationReference = FA434F715A17007AAB0581BC /* Pods-ToDoAppTests.debug.xcconfig */;
			buildSettings = {
				ALWAYS_EMBED_SWIFT_STANDARD_LIBRARIES = YES;
				BUNDLE_LOADER = "$(TEST_HOST)";
				CODE_SIGN_STYLE = Automatic;
				DEVELOPMENT_TEAM = 2KB84KZYV6;
				INFOPLIST_FILE = ToDoAppTests/Info.plist;
				IPHONEOS_DEPLOYMENT_TARGET = 13.2;
				LD_RUNPATH_SEARCH_PATHS = (
					"$(inherited)",
					"@executable_path/Frameworks",
					"@loader_path/Frameworks",
				);
				PRODUCT_BUNDLE_IDENTIFIER = "user-team.ToDoAppTests";
				PRODUCT_NAME = "$(TARGET_NAME)";
				SWIFT_VERSION = 5.0;
				TARGETED_DEVICE_FAMILY = "1,2";
				TEST_HOST = "$(BUILT_PRODUCTS_DIR)/ToDoApp.app/ToDoApp";
			};
			name = Debug;
		};
		CE970C2423F03E7500F7FB1E /* Release */ = {
			isa = XCBuildConfiguration;
			baseConfigurationReference = 4F338098178B54CD913BBCF0 /* Pods-ToDoAppTests.release.xcconfig */;
			buildSettings = {
				ALWAYS_EMBED_SWIFT_STANDARD_LIBRARIES = YES;
				BUNDLE_LOADER = "$(TEST_HOST)";
				CODE_SIGN_STYLE = Automatic;
				DEVELOPMENT_TEAM = 2KB84KZYV6;
				INFOPLIST_FILE = ToDoAppTests/Info.plist;
				IPHONEOS_DEPLOYMENT_TARGET = 13.2;
				LD_RUNPATH_SEARCH_PATHS = (
					"$(inherited)",
					"@executable_path/Frameworks",
					"@loader_path/Frameworks",
				);
				PRODUCT_BUNDLE_IDENTIFIER = "user-team.ToDoAppTests";
				PRODUCT_NAME = "$(TARGET_NAME)";
				SWIFT_VERSION = 5.0;
				TARGETED_DEVICE_FAMILY = "1,2";
				TEST_HOST = "$(BUILT_PRODUCTS_DIR)/ToDoApp.app/ToDoApp";
			};
			name = Release;
		};
		CE970C2623F03E7500F7FB1E /* Debug */ = {
			isa = XCBuildConfiguration;
			baseConfigurationReference = F9B994082B946A255A40D533 /* Pods-ToDoApp-ToDoAppUITests.debug.xcconfig */;
			buildSettings = {
				ALWAYS_EMBED_SWIFT_STANDARD_LIBRARIES = YES;
				CODE_SIGN_STYLE = Automatic;
				DEVELOPMENT_TEAM = 2KB84KZYV6;
				INFOPLIST_FILE = ToDoAppUITests/Info.plist;
				LD_RUNPATH_SEARCH_PATHS = (
					"$(inherited)",
					"@executable_path/Frameworks",
					"@loader_path/Frameworks",
				);
				PRODUCT_BUNDLE_IDENTIFIER = "user-team.ToDoAppUITests";
				PRODUCT_NAME = "$(TARGET_NAME)";
				SWIFT_VERSION = 5.0;
				TARGETED_DEVICE_FAMILY = "1,2";
				TEST_TARGET_NAME = ToDoApp;
			};
			name = Debug;
		};
		CE970C2723F03E7500F7FB1E /* Release */ = {
			isa = XCBuildConfiguration;
			baseConfigurationReference = E1354CDBD86E0676EFB65ADD /* Pods-ToDoApp-ToDoAppUITests.release.xcconfig */;
			buildSettings = {
				ALWAYS_EMBED_SWIFT_STANDARD_LIBRARIES = YES;
				CODE_SIGN_STYLE = Automatic;
				DEVELOPMENT_TEAM = 2KB84KZYV6;
				INFOPLIST_FILE = ToDoAppUITests/Info.plist;
				LD_RUNPATH_SEARCH_PATHS = (
					"$(inherited)",
					"@executable_path/Frameworks",
					"@loader_path/Frameworks",
				);
				PRODUCT_BUNDLE_IDENTIFIER = "user-team.ToDoAppUITests";
				PRODUCT_NAME = "$(TARGET_NAME)";
				SWIFT_VERSION = 5.0;
				TARGETED_DEVICE_FAMILY = "1,2";
				TEST_TARGET_NAME = ToDoApp;
			};
			name = Release;
		};
/* End XCBuildConfiguration section */

/* Begin XCConfigurationList section */
		CE970BF023F03E7200F7FB1E /* Build configuration list for PBXProject "ToDoApp" */ = {
			isa = XCConfigurationList;
			buildConfigurations = (
				CE970C1D23F03E7500F7FB1E /* Debug */,
				CE970C1E23F03E7500F7FB1E /* Release */,
			);
			defaultConfigurationIsVisible = 0;
			defaultConfigurationName = Release;
		};
		CE970C1F23F03E7500F7FB1E /* Build configuration list for PBXNativeTarget "ToDoApp" */ = {
			isa = XCConfigurationList;
			buildConfigurations = (
				CE970C2023F03E7500F7FB1E /* Debug */,
				CE970C2123F03E7500F7FB1E /* Release */,
			);
			defaultConfigurationIsVisible = 0;
			defaultConfigurationName = Release;
		};
		CE970C2223F03E7500F7FB1E /* Build configuration list for PBXNativeTarget "ToDoAppTests" */ = {
			isa = XCConfigurationList;
			buildConfigurations = (
				CE970C2323F03E7500F7FB1E /* Debug */,
				CE970C2423F03E7500F7FB1E /* Release */,
			);
			defaultConfigurationIsVisible = 0;
			defaultConfigurationName = Release;
		};
		CE970C2523F03E7500F7FB1E /* Build configuration list for PBXNativeTarget "ToDoAppUITests" */ = {
			isa = XCConfigurationList;
			buildConfigurations = (
				CE970C2623F03E7500F7FB1E /* Debug */,
				CE970C2723F03E7500F7FB1E /* Release */,
			);
			defaultConfigurationIsVisible = 0;
			defaultConfigurationName = Release;
		};
/* End XCConfigurationList section */
	};
	rootObject = CE970BED23F03E7200F7FB1E /* Project object */;
}
